
Microsoft Visual Studio Solution File, Format Version 12.00
# Visual Studio Version 17
VisualStudioVersion = 17.5.33530.505
MinimumVisualStudioVersion = 10.0.40219.1
Project("{FAE04EC0-301F-11D3-BF4B-00C04F79EFBC}") = "ZooApp", "TestWPF\ZooApp.csproj", "{78F43B7E-2B14-4D94-944E-F69C8F3E0467}"
EndProject
Global
	GlobalSection(SolutionConfigurationPlatforms) = preSolution
		Debug|Any CPU = Debug|Any CPU
		Release|Any CPU = Release|Any CPU
	EndGlobalSection
	GlobalSection(ProjectConfigurationPlatforms) = postSolution
		{78F43B7E-2B14-4D94-944E-F69C8F3E0467}.Debug|Any CPU.ActiveCfg = Debug|Any CPU
		{78F43B7E-2B14-4D94-944E-F69C8F3E0467}.Debug|Any CPU.Build.0 = Debug|Any CPU
		{78F43B7E-2B14-4D94-944E-F69C8F3E0467}.Release|Any CPU.ActiveCfg = Release|Any CPU
		{78F43B7E-2B14-4D94-944E-F69C8F3E0467}.Release|Any CPU.Build.0 = Release|Any CPU
	EndGlobalSection
	GlobalSection(SolutionProperties) = preSolution
		HideSolutionNode = FALSE
	EndGlobalSection
	GlobalSection(ExtensibilityGlobals) = postSolution
		SolutionGuid = {D31666FC-08BF-436E-B153-FE9D164BE07D}
	EndGlobalSection
EndGlobal
